
Microsoft Visual Studio Solution File, Format Version 12.00
# Visual Studio Version 16
VisualStudioVersion = 16.0.30711.63
MinimumVisualStudioVersion = 10.0.40219.1
Project("{8BC9CEB8-8B4A-11D0-8D11-00A0C91BC942}") = "Kassenautomat_v5_1", "Kassenautomat_v5_1.vcxproj", "{E65D2C39-CC64-4864-B4CB-4E8FE244168F}"
EndProject
Global
	GlobalSection(SolutionConfigurationPlatforms) = preSolution
		Debug|x64 = Debug|x64
		Debug|x86 = Debug|x86
		Release|x64 = Release|x64
		Release|x86 = Release|x86
	EndGlobalSection
	GlobalSection(ProjectConfigurationPlatforms) = postSolution
		{E65D2C39-CC64-4864-B4CB-4E8FE244168F}.Debug|x64.ActiveCfg = Debug|x64
		{E65D2C39-CC64-4864-B4CB-4E8FE244168F}.Debug|x64.Build.0 = Debug|x64
		{E65D2C39-CC64-4864-B4CB-4E8FE244168F}.Debug|x86.ActiveCfg = Debug|Win32
		{E65D2C39-CC64-4864-B4CB-4E8FE244168F}.Debug|x86.Build.0 = Debug|Win32
		{E65D2C39-CC64-4864-B4CB-4E8FE244168F}.Release|x64.ActiveCfg = Release|x64
		{E65D2C39-CC64-4864-B4CB-4E8FE244168F}.Release|x64.Build.0 = Release|x64
		{E65D2C39-CC64-4864-B4CB-4E8FE244168F}.Release|x86.ActiveCfg = Release|Win32
		{E65D2C39-CC64-4864-B4CB-4E8FE244168F}.Release|x86.Build.0 = Release|Win32
	EndGlobalSection
	GlobalSection(SolutionProperties) = preSolution
		HideSolutionNode = FALSE
	EndGlobalSection
	GlobalSection(ExtensibilityGlobals) = postSolution
		SolutionGuid = {097B7D61-DCE3-4B2B-A483-29841FCFD0F7}
	EndGlobalSection
EndGlobal
